<Solution>
  <Configurations>
    <Platform Name="x64" />
    <Platform Name="x86" />
  </Configurations>
  <Folder Name="/Configuration Files/">
    <File Path=".editorconfig" />
    <File Path=".gitignore" />
  </Folder>
  <Folder Name="/Documents/">
    <File Path="LICENSE" />
  </Folder>
  <Folder Name="/Targets/" />
  <Folder Name="/Targets/Game Targets/" />
  <Folder Name="/Targets/Mister Targets/">
    <Project Path="vs_projects/mister/base.vcxproj" Id="c0207320-b82f-43f8-9314-adc385cb61d5" />
  </Folder>
  <Folder Name="/Targets/Template Targets/">
    <Project Path="vs_projects/templates/template_app.vcxproj" Id="24d95716-2cb9-4de2-941f-a8f400355a21" />
    <Project Path="vs_projects/templates/template_static_library.vcxproj" Id="116a86bf-b773-47cd-9fab-a930dec911c9" />
  </Folder>
  <Folder Name="/Targets/Test Targets/">
    <Project Path="vs_projects/testapp.vcxproj" Id="236ab8e5-f5d8-4aa7-b68c-69998153900e" />
  </Folder>
</Solution>
