<?xml version="1.0" encoding="utf-8"?>
<Project ToolsVersion="4.0" xmlns="http://schemas.microsoft.com/developer/msbuild/2003">
  <ItemGroup>
    <ClCompile Include="..\..\src\mister\base\temp.cc" />
  </ItemGroup>
  <ItemGroup>
    <ClInclude Include="..\..\src\mister\base\forceinclude.hh" />
    <ClInclude Include="..\..\src\mister\base\build.hh" />
    <ClInclude Include="..\..\src\mister\base\compiler.hh" />
    <ClInclude Include="..\..\src\mister\base\cpu.hh" />
    <ClInclude Include="..\..\src\mister\base\platform.hh" />
  </ItemGroup>
</Project>